
Microsoft Visual Studio Solution File, Format Version 12.00
# Visual Studio Version 17
VisualStudioVersion = 17.7.34018.315
MinimumVisualStudioVersion = 10.0.40219.1
Project("{FAE04EC0-301F-11D3-BF4B-00C04F79EFBC}") = "SerializationHelper", "SerializationHelper\SerializationHelper.csproj", "{9D3448E2-7A43-4E3E-8877-3E56FE5A822B}"
EndProject
Project("{FAE04EC0-301F-11D3-BF4B-00C04F79EFBC}") = "Test", "Test\Test.csproj", "{8A1CC786-7894-46C3-8D18-998F6DF63116}"
EndProject
Global
	GlobalSection(SolutionConfigurationPlatforms) = preSolution
		Debug|Any CPU = Debug|Any CPU
		Release|Any CPU = Release|Any CPU
	EndGlobalSection
	GlobalSection(ProjectConfigurationPlatforms) = postSolution
		{9D3448E2-7A43-4E3E-8877-3E56FE5A822B}.Debug|Any CPU.ActiveCfg = Debug|Any CPU
		{9D3448E2-7A43-4E3E-8877-3E56FE5A822B}.Debug|Any CPU.Build.0 = Debug|Any CPU
		{9D3448E2-7A43-4E3E-8877-3E56FE5A822B}.Release|Any CPU.ActiveCfg = Release|Any CPU
		{9D3448E2-7A43-4E3E-8877-3E56FE5A822B}.Release|Any CPU.Build.0 = Release|Any CPU
		{8A1CC786-7894-46C3-8D18-998F6DF63116}.Debug|Any CPU.ActiveCfg = Debug|Any CPU
		{8A1CC786-7894-46C3-8D18-998F6DF63116}.Debug|Any CPU.Build.0 = Debug|Any CPU
		{8A1CC786-7894-46C3-8D18-998F6DF63116}.Release|Any CPU.ActiveCfg = Release|Any CPU
		{8A1CC786-7894-46C3-8D18-998F6DF63116}.Release|Any CPU.Build.0 = Release|Any CPU
	EndGlobalSection
	GlobalSection(SolutionProperties) = preSolution
		HideSolutionNode = FALSE
	EndGlobalSection
	GlobalSection(ExtensibilityGlobals) = postSolution
		SolutionGuid = {D828ABC5-BF70-42F1-844B-774395E4919E}
	EndGlobalSection
EndGlobal
